
Microsoft Visual Studio Solution File, Format Version 12.00
# Visual Studio 15
Project("{FAE04EC0-301F-11D3-BF4B-00C04F79EFBC}") = "Assembly-CSharp", "Assembly-CSharp.csproj", "{232664F0-BEB6-4A5F-F23F-84070C037368}"
EndProject
Project("{FAE04EC0-301F-11D3-BF4B-00C04F79EFBC}") = "Assembly-CSharp", "Assembly-CSharp.Player.csproj", "{C08BC36E-7355-29FC-B466-9964D02A2F4B}"
EndProject
Global
	GlobalSection(SolutionConfigurationPlatforms) = preSolution
		Debug|Any CPU = Debug|Any CPU
		Release|Any CPU = Release|Any CPU
	EndGlobalSection
	GlobalSection(ProjectConfigurationPlatforms) = postSolution
		{232664F0-BEB6-4A5F-F23F-84070C037368}.Debug|Any CPU.ActiveCfg = Debug|Any CPU
		{232664F0-BEB6-4A5F-F23F-84070C037368}.Debug|Any CPU.Build.0 = Debug|Any CPU
		{232664F0-BEB6-4A5F-F23F-84070C037368}.Release|Any CPU.ActiveCfg = Release|Any CPU
		{232664F0-BEB6-4A5F-F23F-84070C037368}.Release|Any CPU.Build.0 = Release|Any CPU
		{C08BC36E-7355-29FC-B466-9964D02A2F4B}.Debug|Any CPU.ActiveCfg = Debug|Any CPU
		{C08BC36E-7355-29FC-B466-9964D02A2F4B}.Debug|Any CPU.Build.0 = Debug|Any CPU
		{C08BC36E-7355-29FC-B466-9964D02A2F4B}.Release|Any CPU.ActiveCfg = Release|Any CPU
		{C08BC36E-7355-29FC-B466-9964D02A2F4B}.Release|Any CPU.Build.0 = Release|Any CPU
	EndGlobalSection
	GlobalSection(SolutionProperties) = preSolution
		HideSolutionNode = FALSE
	EndGlobalSection
EndGlobal
