
Microsoft Visual Studio Solution File, Format Version 12.00
# Visual Studio 15
Project("{FAE04EC0-301F-11D3-BF4B-00C04F79EFBC}") = "Assembly-CSharp", "Assembly-CSharp.csproj", "{A1749646-E9FD-186A-CC01-C8484DBFBEDB}"
EndProject
Project("{FAE04EC0-301F-11D3-BF4B-00C04F79EFBC}") = "Assembly-CSharp", "Assembly-CSharp.Player.csproj", "{5FE23A75-FCA2-5230-56E3-EADF9B720527}"
EndProject
Global
	GlobalSection(SolutionConfigurationPlatforms) = preSolution
		Debug|Any CPU = Debug|Any CPU
		Release|Any CPU = Release|Any CPU
	EndGlobalSection
	GlobalSection(ProjectConfigurationPlatforms) = postSolution
		{A1749646-E9FD-186A-CC01-C8484DBFBEDB}.Debug|Any CPU.ActiveCfg = Debug|Any CPU
		{A1749646-E9FD-186A-CC01-C8484DBFBEDB}.Debug|Any CPU.Build.0 = Debug|Any CPU
		{A1749646-E9FD-186A-CC01-C8484DBFBEDB}.Release|Any CPU.ActiveCfg = Release|Any CPU
		{A1749646-E9FD-186A-CC01-C8484DBFBEDB}.Release|Any CPU.Build.0 = Release|Any CPU
		{5FE23A75-FCA2-5230-56E3-EADF9B720527}.Debug|Any CPU.ActiveCfg = Debug|Any CPU
		{5FE23A75-FCA2-5230-56E3-EADF9B720527}.Debug|Any CPU.Build.0 = Debug|Any CPU
		{5FE23A75-FCA2-5230-56E3-EADF9B720527}.Release|Any CPU.ActiveCfg = Release|Any CPU
		{5FE23A75-FCA2-5230-56E3-EADF9B720527}.Release|Any CPU.Build.0 = Release|Any CPU
	EndGlobalSection
	GlobalSection(SolutionProperties) = preSolution
		HideSolutionNode = FALSE
	EndGlobalSection
EndGlobal
